// !$*UTF8*$!
{
	archiveVersion = 1;
	classes = {
	};
	objectVersion = 50;
	objects = {

/* Begin PBXBuildFile section */
		2A1112942430BBF4002CABAB /* SingleMovieView.swift in Sources */ = {isa = PBXBuildFile; fileRef = 2A1112932430BBF4002CABAB /* SingleMovieView.swift */; };
		2A1112972430BCCD002CABAB /* MovieDetailView.swift in Sources */ = {isa = PBXBuildFile; fileRef = 2A1112962430BCCD002CABAB /* MovieDetailView.swift */; };
		2A1112992430BD24002CABAB /* LineRatingView.swift in Sources */ = {isa = PBXBuildFile; fileRef = 2A1112982430BD24002CABAB /* LineRatingView.swift */; };
		2A11129B2430BE98002CABAB /* ActorDetailView.swift in Sources */ = {isa = PBXBuildFile; fileRef = 2A11129A2430BE98002CABAB /* ActorDetailView.swift */; };
		2A11129D2430BF1A002CABAB /* MovieListView.swift in Sources */ = {isa = PBXBuildFile; fileRef = 2A11129C2430BF1A002CABAB /* MovieListView.swift */; };
		2A11129F2430BF33002CABAB /* MovieListRow.swift in Sources */ = {isa = PBXBuildFile; fileRef = 2A11129E2430BF33002CABAB /* MovieListRow.swift */; };
		2A1112A12430BFCB002CABAB /* LCButton.swift in Sources */ = {isa = PBXBuildFile; fileRef = 2A1112A02430BFCB002CABAB /* LCButton.swift */; };
		2A1112A32430C02D002CABAB /* ActorListView.swift in Sources */ = {isa = PBXBuildFile; fileRef = 2A1112A22430C02D002CABAB /* ActorListView.swift */; };
		2A1112A52430C050002CABAB /* ActorListRow.swift in Sources */ = {isa = PBXBuildFile; fileRef = 2A1112A42430C050002CABAB /* ActorListRow.swift */; };
		2A1198E2242E556600115095 /* MovieCollectionView.swift in Sources */ = {isa = PBXBuildFile; fileRef = 2A1198E1242E556600115095 /* MovieCollectionView.swift */; };
		2A1198E4242E566A00115095 /* TrendingCell.swift in Sources */ = {isa = PBXBuildFile; fileRef = 2A1198E3242E566A00115095 /* TrendingCell.swift */; };
		2A1198E6242E56B300115095 /* PopularCell.swift in Sources */ = {isa = PBXBuildFile; fileRef = 2A1198E5242E56B300115095 /* PopularCell.swift */; };
		2A1198E8242E56DD00115095 /* ActorCell.swift in Sources */ = {isa = PBXBuildFile; fileRef = 2A1198E7242E56DD00115095 /* ActorCell.swift */; };
		2A1198EA242E571400115095 /* UpcomingCell.swift in Sources */ = {isa = PBXBuildFile; fileRef = 2A1198E9242E571400115095 /* UpcomingCell.swift */; };
		2A1198EC242E574E00115095 /* HeaderView.swift in Sources */ = {isa = PBXBuildFile; fileRef = 2A1198EB242E574E00115095 /* HeaderView.swift */; };
		2A1198EE242E593F00115095 /* MovieStoreApp.swift in Sources */ = {isa = PBXBuildFile; fileRef = 2A1198ED242E593F00115095 /* MovieStoreApp.swift */; };
		2A198A1C2434DB2300A3D984 /* TheatreView.swift in Sources */ = {isa = PBXBuildFile; fileRef = 2A198A1B2434DB2300A3D984 /* TheatreView.swift */; };
		2A198A1E2434DB8B00A3D984 /* Seat.swift in Sources */ = {isa = PBXBuildFile; fileRef = 2A198A1D2434DB8B00A3D984 /* Seat.swift */; };
		2A198A212434DBCF00A3D984 /* ScreenShape.swift in Sources */ = {isa = PBXBuildFile; fileRef = 2A198A202434DBCF00A3D984 /* ScreenShape.swift */; };
		2A198A232434DC1A00A3D984 /* ChairView.swift in Sources */ = {isa = PBXBuildFile; fileRef = 2A198A222434DC1A00A3D984 /* ChairView.swift */; };
		2A198A252434DCBD00A3D984 /* ChairLegend.swift in Sources */ = {isa = PBXBuildFile; fileRef = 2A198A242434DCBD00A3D984 /* ChairLegend.swift */; };
		2A198A272434DD0F00A3D984 /* SeatChoiceView.swift in Sources */ = {isa = PBXBuildFile; fileRef = 2A198A262434DD0F00A3D984 /* SeatChoiceView.swift */; };
		2A198A292434DD2800A3D984 /* TicketDate.swift in Sources */ = {isa = PBXBuildFile; fileRef = 2A198A282434DD2800A3D984 /* TicketDate.swift */; };
		2A198A2B2434DDA900A3D984 /* DateTimeView.swift in Sources */ = {isa = PBXBuildFile; fileRef = 2A198A2A2434DDA900A3D984 /* DateTimeView.swift */; };
		2A198A2D2434DF2400A3D984 /* DateExt.swift in Sources */ = {isa = PBXBuildFile; fileRef = 2A198A2C2434DF2400A3D984 /* DateExt.swift */; };
		2A198A2F2434DFCE00A3D984 /* DateView.swift in Sources */ = {isa = PBXBuildFile; fileRef = 2A198A2E2434DFCE00A3D984 /* DateView.swift */; };
		2A198A312434E01E00A3D984 /* DateShape.swift in Sources */ = {isa = PBXBuildFile; fileRef = 2A198A302434E01E00A3D984 /* DateShape.swift */; };
		2A198A332434E10600A3D984 /* TimeView.swift in Sources */ = {isa = PBXBuildFile; fileRef = 2A198A322434E10600A3D984 /* TimeView.swift */; };
		2A215DDC242D0024008A362E /* bombshell.jpg in Resources */ = {isa = PBXBuildFile; fileRef = 2A215DA2242D0024008A362E /* bombshell.jpg */; };
		2A215DDD242D0024008A362E /* ipman4_land.jpg in Resources */ = {isa = PBXBuildFile; fileRef = 2A215DA3242D0024008A362E /* ipman4_land.jpg */; };
		2A215DDE242D0024008A362E /* starwars_land.jpg in Resources */ = {isa = PBXBuildFile; fileRef = 2A215DA4242D0024008A362E /* starwars_land.jpg */; };
		2A215DDF242D0024008A362E /* outih_land.jpg in Resources */ = {isa = PBXBuildFile; fileRef = 2A215DA5242D0024008A362E /* outih_land.jpg */; };
		2A215DE0242D0024008A362E /* kaleycuoco.jpg in Resources */ = {isa = PBXBuildFile; fileRef = 2A215DA6242D0024008A362E /* kaleycuoco.jpg */; };
		2A215DE1242D0024008A362E /* garrison7_land.jpg in Resources */ = {isa = PBXBuildFile; fileRef = 2A215DA7242D0024008A362E /* garrison7_land.jpg */; };
		2A215DE2242D0024008A362E /* theinformer_land.jpg in Resources */ = {isa = PBXBuildFile; fileRef = 2A215DA8242D0024008A362E /* theinformer_land.jpg */; };
		2A215DE3242D0024008A362E /* it2_land.jpg in Resources */ = {isa = PBXBuildFile; fileRef = 2A215DA9242D0024008A362E /* it2_land.jpg */; };
		2A215DE4242D0024008A362E /* rambo_land.jpg in Resources */ = {isa = PBXBuildFile; fileRef = 2A215DAA242D0024008A362E /* rambo_land.jpg */; };
		2A215DE5242D0024008A362E /* marriagestory.jpg in Resources */ = {isa = PBXBuildFile; fileRef = 2A215DAB242D0024008A362E /* marriagestory.jpg */; };
		2A215DE6242D0024008A362E /* frozen2.jpg in Resources */ = {isa = PBXBuildFile; fileRef = 2A215DAC242D0024008A362E /* frozen2.jpg */; };
		2A215DE7242D0024008A362E /* thesongofnames_land.jpg in Resources */ = {isa = PBXBuildFile; fileRef = 2A215DAD242D0024008A362E /* thesongofnames_land.jpg */; };
		2A215DE8242D0024008A362E /* knivesout_land.jpg in Resources */ = {isa = PBXBuildFile; fileRef = 2A215DAE242D0024008A362E /* knivesout_land.jpg */; };
		2A215DE9242D0024008A362E /* jumanji.jpg in Resources */ = {isa = PBXBuildFile; fileRef = 2A215DAF242D0024008A362E /* jumanji.jpg */; };
		2A215DEA242D0024008A362E /* bombshell_land.jpg in Resources */ = {isa = PBXBuildFile; fileRef = 2A215DB0242D0024008A362E /* bombshell_land.jpg */; };
		2A215DEB242D0024008A362E /* uncutgems_land.jpg in Resources */ = {isa = PBXBuildFile; fileRef = 2A215DB1242D0024008A362E /* uncutgems_land.jpg */; };
		2A215DEC242D0024008A362E /* lilwoman.jpg in Resources */ = {isa = PBXBuildFile; fileRef = 2A215DB2242D0024008A362E /* lilwoman.jpg */; };
		2A215DED242D0024008A362E /* adastra_land.jpg in Resources */ = {isa = PBXBuildFile; fileRef = 2A215DB3242D0024008A362E /* adastra_land.jpg */; };
		2A215DEE242D0024008A362E /* frozen2_land.jpg in Resources */ = {isa = PBXBuildFile; fileRef = 2A215DB4242D0024008A362E /* frozen2_land.jpg */; };
		2A215DEF242D0024008A362E /* spiesindisguise_land.jpg in Resources */ = {isa = PBXBuildFile; fileRef = 2A215DB5242D0024008A362E /* spiesindisguise_land.jpg */; };
		2A215DF0242D0024008A362E /* cats.jpg in Resources */ = {isa = PBXBuildFile; fileRef = 2A215DB6242D0024008A362E /* cats.jpg */; };
		2A215DF1242D0024008A362E /* dwaynejohnson.jpg in Resources */ = {isa = PBXBuildFile; fileRef = 2A215DB7242D0024008A362E /* dwaynejohnson.jpg */; };
		2A215DF2242D0024008A362E /* keanureeves.jpg in Resources */ = {isa = PBXBuildFile; fileRef = 2A215DB8242D0024008A362E /* keanureeves.jpg */; };
		2A215DF3242D0024008A362E /* thegrudge.jpg in Resources */ = {isa = PBXBuildFile; fileRef = 2A215DB9242D0024008A362E /* thegrudge.jpg */; };
		2A215DF4242D0024008A362E /* angelinajolie.jpg in Resources */ = {isa = PBXBuildFile; fileRef = 2A215DBA242D0024008A362E /* angelinajolie.jpg */; };
		2A215DF5242D0024008A362E /* it2.jpg in Resources */ = {isa = PBXBuildFile; fileRef = 2A215DBB242D0024008A362E /* it2.jpg */; };
		2A215DF6242D0024008A362E /* justmercy.jpg in Resources */ = {isa = PBXBuildFile; fileRef = 2A215DBC242D0024008A362E /* justmercy.jpg */; };
		2A215DF7242D0024008A362E /* lilwoman_land.jpg in Resources */ = {isa = PBXBuildFile; fileRef = 2A215DBD242D0024008A362E /* lilwoman_land.jpg */; };
		2A215DF8242D0024008A362E /* 1917.jpg in Resources */ = {isa = PBXBuildFile; fileRef = 2A215DBE242D0024008A362E /* 1917.jpg */; };
		2A215DF9242D0024008A362E /* joker.jpg in Resources */ = {isa = PBXBuildFile; fileRef = 2A215DBF242D0024008A362E /* joker.jpg */; };
		2A215DFA242D0024008A362E /* uncutgems.jpg in Resources */ = {isa = PBXBuildFile; fileRef = 2A215DC0242D0024008A362E /* uncutgems.jpg */; };
		2A215DFB242D0024008A362E /* outih.jpg in Resources */ = {isa = PBXBuildFile; fileRef = 2A215DC1242D0024008A362E /* outih.jpg */; };
		2A215DFC242D0024008A362E /* theinformer.jpg in Resources */ = {isa = PBXBuildFile; fileRef = 2A215DC2242D0024008A362E /* theinformer.jpg */; };
		2A215DFD242D0024008A362E /* choyeo.jpg in Resources */ = {isa = PBXBuildFile; fileRef = 2A215DC3242D0024008A362E /* choyeo.jpg */; };
		2A215DFE242D0024008A362E /* cats_land.jpg in Resources */ = {isa = PBXBuildFile; fileRef = 2A215DC4242D0024008A362E /* cats_land.jpg */; };
		2A215DFF242D0024008A362E /* thesongofnames.jpg in Resources */ = {isa = PBXBuildFile; fileRef = 2A215DC5242D0024008A362E /* thesongofnames.jpg */; };
		2A215E00242D0024008A362E /* thegrudge_land.jpg in Resources */ = {isa = PBXBuildFile; fileRef = 2A215DC6242D0024008A362E /* thegrudge_land.jpg */; };
		2A215E01242D0024008A362E /* ipman4.jpg in Resources */ = {isa = PBXBuildFile; fileRef = 2A215DC7242D0024008A362E /* ipman4.jpg */; };
		2A215E02242D0024008A362E /* garrison7.jpg in Resources */ = {isa = PBXBuildFile; fileRef = 2A215DC8242D0024008A362E /* garrison7.jpg */; };
		2A215E03242D0024008A362E /* 1917_land.jpg in Resources */ = {isa = PBXBuildFile; fileRef = 2A215DC9242D0024008A362E /* 1917_land.jpg */; };
		2A215E04242D0024008A362E /* bradpitt.jpg in Resources */ = {isa = PBXBuildFile; fileRef = 2A215DCA242D0024008A362E /* bradpitt.jpg */; };
		2A215E05242D0024008A362E /* code_8.jpg in Resources */ = {isa = PBXBuildFile; fileRef = 2A215DCB242D0024008A362E /* code_8.jpg */; };
		2A215E06242D0024008A362E /* rosebyrne.jpg in Resources */ = {isa = PBXBuildFile; fileRef = 2A215DCC242D0024008A362E /* rosebyrne.jpg */; };
		2A215E07242D0024008A362E /* underwater.jpg in Resources */ = {isa = PBXBuildFile; fileRef = 2A215DCD242D0024008A362E /* underwater.jpg */; };
		2A215E08242D0024008A362E /* underwater_land.jpg in Resources */ = {isa = PBXBuildFile; fileRef = 2A215DCE242D0024008A362E /* underwater_land.jpg */; };
		2A215E09242D0024008A362E /* justmercy_land.jpg in Resources */ = {isa = PBXBuildFile; fileRef = 2A215DCF242D0024008A362E /* justmercy_land.jpg */; };
		2A215E0A242D0024008A362E /* scarlJohan.jpg in Resources */ = {isa = PBXBuildFile; fileRef = 2A215DD0242D0024008A362E /* scarlJohan.jpg */; };
		2A215E0B242D0024008A362E /* marriagestory_land.jpg in Resources */ = {isa = PBXBuildFile; fileRef = 2A215DD1242D0024008A362E /* marriagestory_land.jpg */; };
		2A215E0C242D0024008A362E /* spiesindisguise.jpg in Resources */ = {isa = PBXBuildFile; fileRef = 2A215DD2242D0024008A362E /* spiesindisguise.jpg */; };
		2A215E0D242D0024008A362E /* code_8_land.jpg in Resources */ = {isa = PBXBuildFile; fileRef = 2A215DD3242D0024008A362E /* code_8_land.jpg */; };
		2A215E0E242D0024008A362E /* knivesout.jpg in Resources */ = {isa = PBXBuildFile; fileRef = 2A215DD4242D0024008A362E /* knivesout.jpg */; };
		2A215E0F242D0024008A362E /* starwars.jpg in Resources */ = {isa = PBXBuildFile; fileRef = 2A215DD5242D0024008A362E /* starwars.jpg */; };
		2A215E10242D0024008A362E /* joker_land.jpg in Resources */ = {isa = PBXBuildFile; fileRef = 2A215DD6242D0024008A362E /* joker_land.jpg */; };
		2A215E11242D0024008A362E /* henrycavil.jpg in Resources */ = {isa = PBXBuildFile; fileRef = 2A215DD7242D0024008A362E /* henrycavil.jpg */; };
		2A215E12242D0024008A362E /* rebeccaferguson.jpg in Resources */ = {isa = PBXBuildFile; fileRef = 2A215DD8242D0024008A362E /* rebeccaferguson.jpg */; };
		2A215E13242D0024008A362E /* rambo.jpg in Resources */ = {isa = PBXBuildFile; fileRef = 2A215DD9242D0024008A362E /* rambo.jpg */; };
		2A215E14242D0024008A362E /* adastra.jpg in Resources */ = {isa = PBXBuildFile; fileRef = 2A215DDA242D0024008A362E /* adastra.jpg */; };
		2A215E15242D0024008A362E /* jumanji_land.jpg in Resources */ = {isa = PBXBuildFile; fileRef = 2A215DDB242D0024008A362E /* jumanji_land.jpg */; };
		2A215E18242D0047008A362E /* data.json in Resources */ = {isa = PBXBuildFile; fileRef = 2A215E17242D0047008A362E /* data.json */; };
		2A215E1B242D0050008A362E /* ColorExt.swift in Sources */ = {isa = PBXBuildFile; fileRef = 2A215E1A242D0050008A362E /* ColorExt.swift */; };
		2A215E21242D05C0008A362E /* MovieBundle.swift in Sources */ = {isa = PBXBuildFile; fileRef = 2A215E20242D05C0008A362E /* MovieBundle.swift */; };
		2A215E24242D062C008A362E /* MovieViewModel.swift in Sources */ = {isa = PBXBuildFile; fileRef = 2A215E23242D062C008A362E /* MovieViewModel.swift */; };
		2A59E3DE242CF20800B9F9DA /* AppDelegate.swift in Sources */ = {isa = PBXBuildFile; fileRef = 2A59E3DD242CF20800B9F9DA /* AppDelegate.swift */; };
		2A59E3E0242CF20800B9F9DA /* SceneDelegate.swift in Sources */ = {isa = PBXBuildFile; fileRef = 2A59E3DF242CF20800B9F9DA /* SceneDelegate.swift */; };
		2A59E3E4242CF20A00B9F9DA /* Assets.xcassets in Resources */ = {isa = PBXBuildFile; fileRef = 2A59E3E3242CF20A00B9F9DA /* Assets.xcassets */; };
		2A59E3E7242CF20A00B9F9DA /* Preview Assets.xcassets in Resources */ = {isa = PBXBuildFile; fileRef = 2A59E3E6242CF20A00B9F9DA /* Preview Assets.xcassets */; };
		2A59E3EA242CF20A00B9F9DA /* LaunchScreen.storyboard in Resources */ = {isa = PBXBuildFile; fileRef = 2A59E3E8242CF20A00B9F9DA /* LaunchScreen.storyboard */; };
		2A661D1E243622880033BAE8 /* BasketView.swift in Sources */ = {isa = PBXBuildFile; fileRef = 2A661D1D243622880033BAE8 /* BasketView.swift */; };
		2A661D20243622A00033BAE8 /* Ticket.swift in Sources */ = {isa = PBXBuildFile; fileRef = 2A661D1F243622A00033BAE8 /* Ticket.swift */; };
		2A661D22243622C80033BAE8 /* TicketView.swift in Sources */ = {isa = PBXBuildFile; fileRef = 2A661D21243622C80033BAE8 /* TicketView.swift */; };
		2A661D24243622E80033BAE8 /* TopTicketView.swift in Sources */ = {isa = PBXBuildFile; fileRef = 2A661D23243622E80033BAE8 /* TopTicketView.swift */; };
		2A661D26243622F50033BAE8 /* TicketDetailView.swift in Sources */ = {isa = PBXBuildFile; fileRef = 2A661D25243622F50033BAE8 /* TicketDetailView.swift */; };
		2A661D28243623000033BAE8 /* BottomTicketView.swift in Sources */ = {isa = PBXBuildFile; fileRef = 2A661D27243623000033BAE8 /* BottomTicketView.swift */; };
		2A661D2A2436230F0033BAE8 /* DashedSeparator.swift in Sources */ = {isa = PBXBuildFile; fileRef = 2A661D292436230F0033BAE8 /* DashedSeparator.swift */; };
		2A661D2C243623170033BAE8 /* TicketShape.swift in Sources */ = {isa = PBXBuildFile; fileRef = 2A661D2B243623170033BAE8 /* TicketShape.swift */; };
		2A661D2E243623700033BAE8 /* PaymentView.swift in Sources */ = {isa = PBXBuildFile; fileRef = 2A661D2D243623700033BAE8 /* PaymentView.swift */; };
		2A661D30243623890033BAE8 /* PaymentMethod.swift in Sources */ = {isa = PBXBuildFile; fileRef = 2A661D2F243623890033BAE8 /* PaymentMethod.swift */; };
		2A661D32243623DD0033BAE8 /* LCTextfield.swift in Sources */ = {isa = PBXBuildFile; fileRef = 2A661D31243623DD0033BAE8 /* LCTextfield.swift */; };
		2A661D34243624570033BAE8 /* OkView.swift in Sources */ = {isa = PBXBuildFile; fileRef = 2A661D33243624570033BAE8 /* OkView.swift */; };
		2A661D36243624620033BAE8 /* LoadingView.swift in Sources */ = {isa = PBXBuildFile; fileRef = 2A661D35243624620033BAE8 /* LoadingView.swift */; };
		2A661D38243624800033BAE8 /* OkShape.swift in Sources */ = {isa = PBXBuildFile; fileRef = 2A661D37243624800033BAE8 /* OkShape.swift */; };
		2A661D3A243624BA0033BAE8 /* AnyTransitionExt.swift in Sources */ = {isa = PBXBuildFile; fileRef = 2A661D39243624BA0033BAE8 /* AnyTransitionExt.swift */; };
		2A661D3C24362AA50033BAE8 /* NotificationCenterExt.swift in Sources */ = {isa = PBXBuildFile; fileRef = 2A661D3B24362AA50033BAE8 /* NotificationCenterExt.swift */; };
/* End PBXBuildFile section */

/* Begin PBXFileReference section */
		2A1112932430BBF4002CABAB /* SingleMovieView.swift */ = {isa = PBXFileReference; lastKnownFileType = sourcecode.swift; path = SingleMovieView.swift; sourceTree = "<group>"; };
		2A1112962430BCCD002CABAB /* MovieDetailView.swift */ = {isa = PBXFileReference; lastKnownFileType = sourcecode.swift; path = MovieDetailView.swift; sourceTree = "<group>"; };
		2A1112982430BD24002CABAB /* LineRatingView.swift */ = {isa = PBXFileReference; lastKnownFileType = sourcecode.swift; path = LineRatingView.swift; sourceTree = "<group>"; };
		2A11129A2430BE98002CABAB /* ActorDetailView.swift */ = {isa = PBXFileReference; lastKnownFileType = sourcecode.swift; path = ActorDetailView.swift; sourceTree = "<group>"; };
		2A11129C2430BF1A002CABAB /* MovieListView.swift */ = {isa = PBXFileReference; lastKnownFileType = sourcecode.swift; path = MovieListView.swift; sourceTree = "<group>"; };
		2A11129E2430BF33002CABAB /* MovieListRow.swift */ = {isa = PBXFileReference; lastKnownFileType = sourcecode.swift; path = MovieListRow.swift; sourceTree = "<group>"; };
		2A1112A02430BFCB002CABAB /* LCButton.swift */ = {isa = PBXFileReference; lastKnownFileType = sourcecode.swift; path = LCButton.swift; sourceTree = "<group>"; };
		2A1112A22430C02D002CABAB /* ActorListView.swift */ = {isa = PBXFileReference; lastKnownFileType = sourcecode.swift; path = ActorListView.swift; sourceTree = "<group>"; };
		2A1112A42430C050002CABAB /* ActorListRow.swift */ = {isa = PBXFileReference; lastKnownFileType = sourcecode.swift; path = ActorListRow.swift; sourceTree = "<group>"; };
		2A1198E1242E556600115095 /* MovieCollectionView.swift */ = {isa = PBXFileReference; lastKnownFileType = sourcecode.swift; path = MovieCollectionView.swift; sourceTree = "<group>"; };
		2A1198E3242E566A00115095 /* TrendingCell.swift */ = {isa = PBXFileReference; lastKnownFileType = sourcecode.swift; path = TrendingCell.swift; sourceTree = "<group>"; };
		2A1198E5242E56B300115095 /* PopularCell.swift */ = {isa = PBXFileReference; lastKnownFileType = sourcecode.swift; path = PopularCell.swift; sourceTree = "<group>"; };
		2A1198E7242E56DD00115095 /* ActorCell.swift */ = {isa = PBXFileReference; lastKnownFileType = sourcecode.swift; path = ActorCell.swift; sourceTree = "<group>"; };
		2A1198E9242E571400115095 /* UpcomingCell.swift */ = {isa = PBXFileReference; lastKnownFileType = sourcecode.swift; path = UpcomingCell.swift; sourceTree = "<group>"; };
		2A1198EB242E574E00115095 /* HeaderView.swift */ = {isa = PBXFileReference; lastKnownFileType = sourcecode.swift; path = HeaderView.swift; sourceTree = "<group>"; };
		2A1198ED242E593F00115095 /* MovieStoreApp.swift */ = {isa = PBXFileReference; lastKnownFileType = sourcecode.swift; path = MovieStoreApp.swift; sourceTree = "<group>"; };
		2A198A1B2434DB2300A3D984 /* TheatreView.swift */ = {isa = PBXFileReference; lastKnownFileType = sourcecode.swift; path = TheatreView.swift; sourceTree = "<group>"; };
		2A198A1D2434DB8B00A3D984 /* Seat.swift */ = {isa = PBXFileReference; lastKnownFileType = sourcecode.swift; path = Seat.swift; sourceTree = "<group>"; };
		2A198A202434DBCF00A3D984 /* ScreenShape.swift */ = {isa = PBXFileReference; lastKnownFileType = sourcecode.swift; path = ScreenShape.swift; sourceTree = "<group>"; };
		2A198A222434DC1A00A3D984 /* ChairView.swift */ = {isa = PBXFileReference; lastKnownFileType = sourcecode.swift; path = ChairView.swift; sourceTree = "<group>"; };
		2A198A242434DCBD00A3D984 /* ChairLegend.swift */ = {isa = PBXFileReference; lastKnownFileType = sourcecode.swift; path = ChairLegend.swift; sourceTree = "<group>"; };
		2A198A262434DD0F00A3D984 /* SeatChoiceView.swift */ = {isa = PBXFileReference; lastKnownFileType = sourcecode.swift; path = SeatChoiceView.swift; sourceTree = "<group>"; };
		2A198A282434DD2800A3D984 /* TicketDate.swift */ = {isa = PBXFileReference; lastKnownFileType = sourcecode.swift; path = TicketDate.swift; sourceTree = "<group>"; };
		2A198A2A2434DDA900A3D984 /* DateTimeView.swift */ = {isa = PBXFileReference; lastKnownFileType = sourcecode.swift; path = DateTimeView.swift; sourceTree = "<group>"; };
		2A198A2C2434DF2400A3D984 /* DateExt.swift */ = {isa = PBXFileReference; lastKnownFileType = sourcecode.swift; path = DateExt.swift; sourceTree = "<group>"; };
		2A198A2E2434DFCE00A3D984 /* DateView.swift */ = {isa = PBXFileReference; lastKnownFileType = sourcecode.swift; path = DateView.swift; sourceTree = "<group>"; };
		2A198A302434E01E00A3D984 /* DateShape.swift */ = {isa = PBXFileReference; lastKnownFileType = sourcecode.swift; path = DateShape.swift; sourceTree = "<group>"; };
		2A198A322434E10600A3D984 /* TimeView.swift */ = {isa = PBXFileReference; lastKnownFileType = sourcecode.swift; path = TimeView.swift; sourceTree = "<group>"; };
		2A215DA2242D0024008A362E /* bombshell.jpg */ = {isa = PBXFileReference; lastKnownFileType = image.jpeg; path = bombshell.jpg; sourceTree = "<group>"; };
		2A215DA3242D0024008A362E /* ipman4_land.jpg */ = {isa = PBXFileReference; lastKnownFileType = image.jpeg; path = ipman4_land.jpg; sourceTree = "<group>"; };
		2A215DA4242D0024008A362E /* starwars_land.jpg */ = {isa = PBXFileReference; lastKnownFileType = image.jpeg; path = starwars_land.jpg; sourceTree = "<group>"; };
		2A215DA5242D0024008A362E /* outih_land.jpg */ = {isa = PBXFileReference; lastKnownFileType = image.jpeg; path = outih_land.jpg; sourceTree = "<group>"; };
		2A215DA6242D0024008A362E /* kaleycuoco.jpg */ = {isa = PBXFileReference; lastKnownFileType = image.jpeg; path = kaleycuoco.jpg; sourceTree = "<group>"; };
		2A215DA7242D0024008A362E /* garrison7_land.jpg */ = {isa = PBXFileReference; lastKnownFileType = image.jpeg; path = garrison7_land.jpg; sourceTree = "<group>"; };
		2A215DA8242D0024008A362E /* theinformer_land.jpg */ = {isa = PBXFileReference; lastKnownFileType = image.jpeg; path = theinformer_land.jpg; sourceTree = "<group>"; };
		2A215DA9242D0024008A362E /* it2_land.jpg */ = {isa = PBXFileReference; lastKnownFileType = image.jpeg; path = it2_land.jpg; sourceTree = "<group>"; };
		2A215DAA242D0024008A362E /* rambo_land.jpg */ = {isa = PBXFileReference; lastKnownFileType = image.jpeg; path = rambo_land.jpg; sourceTree = "<group>"; };
		2A215DAB242D0024008A362E /* marriagestory.jpg */ = {isa = PBXFileReference; lastKnownFileType = image.jpeg; path = marriagestory.jpg; sourceTree = "<group>"; };
		2A215DAC242D0024008A362E /* frozen2.jpg */ = {isa = PBXFileReference; lastKnownFileType = image.jpeg; path = frozen2.jpg; sourceTree = "<group>"; };
		2A215DAD242D0024008A362E /* thesongofnames_land.jpg */ = {isa = PBXFileReference; lastKnownFileType = image.jpeg; path = thesongofnames_land.jpg; sourceTree = "<group>"; };
		2A215DAE242D0024008A362E /* knivesout_land.jpg */ = {isa = PBXFileReference; lastKnownFileType = image.jpeg; path = knivesout_land.jpg; sourceTree = "<group>"; };
		2A215DAF242D0024008A362E /* jumanji.jpg */ = {isa = PBXFileReference; lastKnownFileType = image.jpeg; path = jumanji.jpg; sourceTree = "<group>"; };
		2A215DB0242D0024008A362E /* bombshell_land.jpg */ = {isa = PBXFileReference; lastKnownFileType = image.jpeg; path = bombshell_land.jpg; sourceTree = "<group>"; };
		2A215DB1242D0024008A362E /* uncutgems_land.jpg */ = {isa = PBXFileReference; lastKnownFileType = image.jpeg; path = uncutgems_land.jpg; sourceTree = "<group>"; };
		2A215DB2242D0024008A362E /* lilwoman.jpg */ = {isa = PBXFileReference; lastKnownFileType = image.jpeg; path = lilwoman.jpg; sourceTree = "<group>"; };
		2A215DB3242D0024008A362E /* adastra_land.jpg */ = {isa = PBXFileReference; lastKnownFileType = image.jpeg; path = adastra_land.jpg; sourceTree = "<group>"; };
		2A215DB4242D0024008A362E /* frozen2_land.jpg */ = {isa = PBXFileReference; lastKnownFileType = image.jpeg; path = frozen2_land.jpg; sourceTree = "<group>"; };
		2A215DB5242D0024008A362E /* spiesindisguise_land.jpg */ = {isa = PBXFileReference; lastKnownFileType = image.jpeg; path = spiesindisguise_land.jpg; sourceTree = "<group>"; };
		2A215DB6242D0024008A362E /* cats.jpg */ = {isa = PBXFileReference; lastKnownFileType = image.jpeg; path = cats.jpg; sourceTree = "<group>"; };
		2A215DB7242D0024008A362E /* dwaynejohnson.jpg */ = {isa = PBXFileReference; lastKnownFileType = image.jpeg; path = dwaynejohnson.jpg; sourceTree = "<group>"; };
		2A215DB8242D0024008A362E /* keanureeves.jpg */ = {isa = PBXFileReference; lastKnownFileType = image.jpeg; path = keanureeves.jpg; sourceTree = "<group>"; };
		2A215DB9242D0024008A362E /* thegrudge.jpg */ = {isa = PBXFileReference; lastKnownFileType = image.jpeg; path = thegrudge.jpg; sourceTree = "<group>"; };
		2A215DBA242D0024008A362E /* angelinajolie.jpg */ = {isa = PBXFileReference; lastKnownFileType = image.jpeg; path = angelinajolie.jpg; sourceTree = "<group>"; };
		2A215DBB242D0024008A362E /* it2.jpg */ = {isa = PBXFileReference; lastKnownFileType = image.jpeg; path = it2.jpg; sourceTree = "<group>"; };
		2A215DBC242D0024008A362E /* justmercy.jpg */ = {isa = PBXFileReference; lastKnownFileType = image.jpeg; path = justmercy.jpg; sourceTree = "<group>"; };
		2A215DBD242D0024008A362E /* lilwoman_land.jpg */ = {isa = PBXFileReference; lastKnownFileType = image.jpeg; path = lilwoman_land.jpg; sourceTree = "<group>"; };
		2A215DBE242D0024008A362E /* 1917.jpg */ = {isa = PBXFileReference; lastKnownFileType = image.jpeg; path = 1917.jpg; sourceTree = "<group>"; };
		2A215DBF242D0024008A362E /* joker.jpg */ = {isa = PBXFileReference; lastKnownFileType = image.jpeg; path = joker.jpg; sourceTree = "<group>"; };
		2A215DC0242D0024008A362E /* uncutgems.jpg */ = {isa = PBXFileReference; lastKnownFileType = image.jpeg; path = uncutgems.jpg; sourceTree = "<group>"; };
		2A215DC1242D0024008A362E /* outih.jpg */ = {isa = PBXFileReference; lastKnownFileType = image.jpeg; path = outih.jpg; sourceTree = "<group>"; };
		2A215DC2242D0024008A362E /* theinformer.jpg */ = {isa = PBXFileReference; lastKnownFileType = image.jpeg; path = theinformer.jpg; sourceTree = "<group>"; };
		2A215DC3242D0024008A362E /* choyeo.jpg */ = {isa = PBXFileReference; lastKnownFileType = image.jpeg; path = choyeo.jpg; sourceTree = "<group>"; };
		2A215DC4242D0024008A362E /* cats_land.jpg */ = {isa = PBXFileReference; lastKnownFileType = image.jpeg; path = cats_land.jpg; sourceTree = "<group>"; };
		2A215DC5242D0024008A362E /* thesongofnames.jpg */ = {isa = PBXFileReference; lastKnownFileType = image.jpeg; path = thesongofnames.jpg; sourceTree = "<group>"; };
		2A215DC6242D0024008A362E /* thegrudge_land.jpg */ = {isa = PBXFileReference; lastKnownFileType = image.jpeg; path = thegrudge_land.jpg; sourceTree = "<group>"; };
		2A215DC7242D0024008A362E /* ipman4.jpg */ = {isa = PBXFileReference; lastKnownFileType = image.jpeg; path = ipman4.jpg; sourceTree = "<group>"; };
		2A215DC8242D0024008A362E /* garrison7.jpg */ = {isa = PBXFileReference; lastKnownFileType = image.jpeg; path = garrison7.jpg; sourceTree = "<group>"; };
		2A215DC9242D0024008A362E /* 1917_land.jpg */ = {isa = PBXFileReference; lastKnownFileType = image.jpeg; path = 1917_land.jpg; sourceTree = "<group>"; };
		2A215DCA242D0024008A362E /* bradpitt.jpg */ = {isa = PBXFileReference; lastKnownFileType = image.jpeg; path = bradpitt.jpg; sourceTree = "<group>"; };
		2A215DCB242D0024008A362E /* code_8.jpg */ = {isa = PBXFileReference; lastKnownFileType = image.jpeg; path = code_8.jpg; sourceTree = "<group>"; };
		2A215DCC242D0024008A362E /* rosebyrne.jpg */ = {isa = PBXFileReference; lastKnownFileType = image.jpeg; path = rosebyrne.jpg; sourceTree = "<group>"; };
		2A215DCD242D0024008A362E /* underwater.jpg */ = {isa = PBXFileReference; lastKnownFileType = image.jpeg; path = underwater.jpg; sourceTree = "<group>"; };
		2A215DCE242D0024008A362E /* underwater_land.jpg */ = {isa = PBXFileReference; lastKnownFileType = image.jpeg; path = underwater_land.jpg; sourceTree = "<group>"; };
		2A215DCF242D0024008A362E /* justmercy_land.jpg */ = {isa = PBXFileReference; lastKnownFileType = image.jpeg; path = justmercy_land.jpg; sourceTree = "<group>"; };
		2A215DD0242D0024008A362E /* scarlJohan.jpg */ = {isa = PBXFileReference; lastKnownFileType = image.jpeg; path = scarlJohan.jpg; sourceTree = "<group>"; };
		2A215DD1242D0024008A362E /* marriagestory_land.jpg */ = {isa = PBXFileReference; lastKnownFileType = image.jpeg; path = marriagestory_land.jpg; sourceTree = "<group>"; };
		2A215DD2242D0024008A362E /* spiesindisguise.jpg */ = {isa = PBXFileReference; lastKnownFileType = image.jpeg; path = spiesindisguise.jpg; sourceTree = "<group>"; };
		2A215DD3242D0024008A362E /* code_8_land.jpg */ = {isa = PBXFileReference; lastKnownFileType = image.jpeg; path = code_8_land.jpg; sourceTree = "<group>"; };
		2A215DD4242D0024008A362E /* knivesout.jpg */ = {isa = PBXFileReference; lastKnownFileType = image.jpeg; path = knivesout.jpg; sourceTree = "<group>"; };
		2A215DD5242D0024008A362E /* starwars.jpg */ = {isa = PBXFileReference; lastKnownFileType = image.jpeg; path = starwars.jpg; sourceTree = "<group>"; };
		2A215DD6242D0024008A362E /* joker_land.jpg */ = {isa = PBXFileReference; lastKnownFileType = image.jpeg; path = joker_land.jpg; sourceTree = "<group>"; };
		2A215DD7242D0024008A362E /* henrycavil.jpg */ = {isa = PBXFileReference; lastKnownFileType = image.jpeg; path = henrycavil.jpg; sourceTree = "<group>"; };
		2A215DD8242D0024008A362E /* rebeccaferguson.jpg */ = {isa = PBXFileReference; lastKnownFileType = image.jpeg; path = rebeccaferguson.jpg; sourceTree = "<group>"; };
		2A215DD9242D0024008A362E /* rambo.jpg */ = {isa = PBXFileReference; lastKnownFileType = image.jpeg; path = rambo.jpg; sourceTree = "<group>"; };
		2A215DDA242D0024008A362E /* adastra.jpg */ = {isa = PBXFileReference; lastKnownFileType = image.jpeg; path = adastra.jpg; sourceTree = "<group>"; };
		2A215DDB242D0024008A362E /* jumanji_land.jpg */ = {isa = PBXFileReference; lastKnownFileType = image.jpeg; path = jumanji_land.jpg; sourceTree = "<group>"; };
		2A215E17242D0047008A362E /* data.json */ = {isa = PBXFileReference; fileEncoding = 4; lastKnownFileType = text.json; path = data.json; sourceTree = "<group>"; };
		2A215E1A242D0050008A362E /* ColorExt.swift */ = {isa = PBXFileReference; fileEncoding = 4; lastKnownFileType = sourcecode.swift; path = ColorExt.swift; sourceTree = "<group>"; };
		2A215E20242D05C0008A362E /* MovieBundle.swift */ = {isa = PBXFileReference; lastKnownFileType = sourcecode.swift; path = MovieBundle.swift; sourceTree = "<group>"; };
		2A215E23242D062C008A362E /* MovieViewModel.swift */ = {isa = PBXFileReference; lastKnownFileType = sourcecode.swift; path = MovieViewModel.swift; sourceTree = "<group>"; };
		2A59E3DA242CF20800B9F9DA /* MovieBooking.app */ = {isa = PBXFileReference; explicitFileType = wrapper.application; includeInIndex = 0; path = MovieBooking.app; sourceTree = BUILT_PRODUCTS_DIR; };
		2A59E3DD242CF20800B9F9DA /* AppDelegate.swift */ = {isa = PBXFileReference; lastKnownFileType = sourcecode.swift; path = AppDelegate.swift; sourceTree = "<group>"; };
		2A59E3DF242CF20800B9F9DA /* SceneDelegate.swift */ = {isa = PBXFileReference; lastKnownFileType = sourcecode.swift; path = SceneDelegate.swift; sourceTree = "<group>"; };
		2A59E3E3242CF20A00B9F9DA /* Assets.xcassets */ = {isa = PBXFileReference; lastKnownFileType = folder.assetcatalog; path = Assets.xcassets; sourceTree = "<group>"; };
		2A59E3E6242CF20A00B9F9DA /* Preview Assets.xcassets */ = {isa = PBXFileReference; lastKnownFileType = folder.assetcatalog; path = "Preview Assets.xcassets"; sourceTree = "<group>"; };
		2A59E3E9242CF20A00B9F9DA /* Base */ = {isa = PBXFileReference; lastKnownFileType = file.storyboard; name = Base; path = Base.lproj/LaunchScreen.storyboard; sourceTree = "<group>"; };
		2A59E3EB242CF20A00B9F9DA /* Info.plist */ = {isa = PBXFileReference; lastKnownFileType = text.plist.xml; path = Info.plist; sourceTree = "<group>"; };
		2A661D1D243622880033BAE8 /* BasketView.swift */ = {isa = PBXFileReference; lastKnownFileType = sourcecode.swift; path = BasketView.swift; sourceTree = "<group>"; };
		2A661D1F243622A00033BAE8 /* Ticket.swift */ = {isa = PBXFileReference; lastKnownFileType = sourcecode.swift; path = Ticket.swift; sourceTree = "<group>"; };
		2A661D21243622C80033BAE8 /* TicketView.swift */ = {isa = PBXFileReference; lastKnownFileType = sourcecode.swift; path = TicketView.swift; sourceTree = "<group>"; };
		2A661D23243622E80033BAE8 /* TopTicketView.swift */ = {isa = PBXFileReference; lastKnownFileType = sourcecode.swift; path = TopTicketView.swift; sourceTree = "<group>"; };
		2A661D25243622F50033BAE8 /* TicketDetailView.swift */ = {isa = PBXFileReference; lastKnownFileType = sourcecode.swift; path = TicketDetailView.swift; sourceTree = "<group>"; };
		2A661D27243623000033BAE8 /* BottomTicketView.swift */ = {isa = PBXFileReference; lastKnownFileType = sourcecode.swift; path = BottomTicketView.swift; sourceTree = "<group>"; };
		2A661D292436230F0033BAE8 /* DashedSeparator.swift */ = {isa = PBXFileReference; lastKnownFileType = sourcecode.swift; path = DashedSeparator.swift; sourceTree = "<group>"; };
		2A661D2B243623170033BAE8 /* TicketShape.swift */ = {isa = PBXFileReference; lastKnownFileType = sourcecode.swift; path = TicketShape.swift; sourceTree = "<group>"; };
		2A661D2D243623700033BAE8 /* PaymentView.swift */ = {isa = PBXFileReference; lastKnownFileType = sourcecode.swift; path = PaymentView.swift; sourceTree = "<group>"; };
		2A661D2F243623890033BAE8 /* PaymentMethod.swift */ = {isa = PBXFileReference; lastKnownFileType = sourcecode.swift; path = PaymentMethod.swift; sourceTree = "<group>"; };
		2A661D31243623DD0033BAE8 /* LCTextfield.swift */ = {isa = PBXFileReference; lastKnownFileType = sourcecode.swift; path = LCTextfield.swift; sourceTree = "<group>"; };
		2A661D33243624570033BAE8 /* OkView.swift */ = {isa = PBXFileReference; lastKnownFileType = sourcecode.swift; path = OkView.swift; sourceTree = "<group>"; };
		2A661D35243624620033BAE8 /* LoadingView.swift */ = {isa = PBXFileReference; lastKnownFileType = sourcecode.swift; path = LoadingView.swift; sourceTree = "<group>"; };
		2A661D37243624800033BAE8 /* OkShape.swift */ = {isa = PBXFileReference; lastKnownFileType = sourcecode.swift; path = OkShape.swift; sourceTree = "<group>"; };
		2A661D39243624BA0033BAE8 /* AnyTransitionExt.swift */ = {isa = PBXFileReference; lastKnownFileType = sourcecode.swift; path = AnyTransitionExt.swift; sourceTree = "<group>"; };
		2A661D3B24362AA50033BAE8 /* NotificationCenterExt.swift */ = {isa = PBXFileReference; lastKnownFileType = sourcecode.swift; path = NotificationCenterExt.swift; sourceTree = "<group>"; };
/* End PBXFileReference section */

/* Begin PBXFrameworksBuildPhase section */
		2A59E3D7242CF20800B9F9DA /* Frameworks */ = {
			isa = PBXFrameworksBuildPhase;
			buildActionMask = 2147483647;
			files = (
			);
			runOnlyForDeploymentPostprocessing = 0;
		};
/* End PBXFrameworksBuildPhase section */

/* Begin PBXGroup section */
		2A1112922430BBDB002CABAB /* Screens */ = {
			isa = PBXGroup;
			children = (
				2A1112932430BBF4002CABAB /* SingleMovieView.swift */,
				2A11129A2430BE98002CABAB /* ActorDetailView.swift */,
				2A11129C2430BF1A002CABAB /* MovieListView.swift */,
				2A1112A22430C02D002CABAB /* ActorListView.swift */,
				2A198A262434DD0F00A3D984 /* SeatChoiceView.swift */,
				2A661D1D243622880033BAE8 /* BasketView.swift */,
				2A661D2D243623700033BAE8 /* PaymentView.swift */,
			);
			path = Screens;
			sourceTree = "<group>";
		};
		2A1112952430BCB8002CABAB /* Views */ = {
			isa = PBXGroup;
			children = (
				2A1112962430BCCD002CABAB /* MovieDetailView.swift */,
				2A1112A02430BFCB002CABAB /* LCButton.swift */,
				2A1112982430BD24002CABAB /* LineRatingView.swift */,
				2A11129E2430BF33002CABAB /* MovieListRow.swift */,
				2A1112A42430C050002CABAB /* ActorListRow.swift */,
				2A198A1B2434DB2300A3D984 /* TheatreView.swift */,
				2A198A222434DC1A00A3D984 /* ChairView.swift */,
				2A198A242434DCBD00A3D984 /* ChairLegend.swift */,
				2A198A2A2434DDA900A3D984 /* DateTimeView.swift */,
				2A198A2E2434DFCE00A3D984 /* DateView.swift */,
				2A198A322434E10600A3D984 /* TimeView.swift */,
				2A661D21243622C80033BAE8 /* TicketView.swift */,
				2A661D23243622E80033BAE8 /* TopTicketView.swift */,
				2A661D25243622F50033BAE8 /* TicketDetailView.swift */,
				2A661D27243623000033BAE8 /* BottomTicketView.swift */,
				2A661D31243623DD0033BAE8 /* LCTextfield.swift */,
				2A661D33243624570033BAE8 /* OkView.swift */,
				2A661D35243624620033BAE8 /* LoadingView.swift */,
			);
			path = Views;
			sourceTree = "<group>";
		};
		2A1198E0242E554600115095 /* UIKit */ = {
			isa = PBXGroup;
			children = (
				2A1198E1242E556600115095 /* MovieCollectionView.swift */,
				2A1198E3242E566A00115095 /* TrendingCell.swift */,
				2A1198E5242E56B300115095 /* PopularCell.swift */,
				2A1198E7242E56DD00115095 /* ActorCell.swift */,
				2A1198E9242E571400115095 /* UpcomingCell.swift */,
				2A1198EB242E574E00115095 /* HeaderView.swift */,
			);
			path = UIKit;
			sourceTree = "<group>";
		};
		2A198A1F2434DBB700A3D984 /* Shapes */ = {
			isa = PBXGroup;
			children = (
				2A198A202434DBCF00A3D984 /* ScreenShape.swift */,
				2A198A302434E01E00A3D984 /* DateShape.swift */,
				2A661D292436230F0033BAE8 /* DashedSeparator.swift */,
				2A661D2B243623170033BAE8 /* TicketShape.swift */,
				2A661D37243624800033BAE8 /* OkShape.swift */,
			);
			path = Shapes;
			sourceTree = "<group>";
		};
		2A215DA1242D0024008A362E /* Images */ = {
			isa = PBXGroup;
			children = (
				2A215DA2242D0024008A362E /* bombshell.jpg */,
				2A215DA3242D0024008A362E /* ipman4_land.jpg */,
				2A215DA4242D0024008A362E /* starwars_land.jpg */,
				2A215DA5242D0024008A362E /* outih_land.jpg */,
				2A215DA6242D0024008A362E /* kaleycuoco.jpg */,
				2A215DA7242D0024008A362E /* garrison7_land.jpg */,
				2A215DA8242D0024008A362E /* theinformer_land.jpg */,
				2A215DA9242D0024008A362E /* it2_land.jpg */,
				2A215DAA242D0024008A362E /* rambo_land.jpg */,
				2A215DAB242D0024008A362E /* marriagestory.jpg */,
				2A215DAC242D0024008A362E /* frozen2.jpg */,
				2A215DAD242D0024008A362E /* thesongofnames_land.jpg */,
				2A215DAE242D0024008A362E /* knivesout_land.jpg */,
				2A215DAF242D0024008A362E /* jumanji.jpg */,
				2A215DB0242D0024008A362E /* bombshell_land.jpg */,
				2A215DB1242D0024008A362E /* uncutgems_land.jpg */,
				2A215DB2242D0024008A362E /* lilwoman.jpg */,
				2A215DB3242D0024008A362E /* adastra_land.jpg */,
				2A215DB4242D0024008A362E /* frozen2_land.jpg */,
				2A215DB5242D0024008A362E /* spiesindisguise_land.jpg */,
				2A215DB6242D0024008A362E /* cats.jpg */,
				2A215DB7242D0024008A362E /* dwaynejohnson.jpg */,
				2A215DB8242D0024008A362E /* keanureeves.jpg */,
				2A215DB9242D0024008A362E /* thegrudge.jpg */,
				2A215DBA242D0024008A362E /* angelinajolie.jpg */,
				2A215DBB242D0024008A362E /* it2.jpg */,
				2A215DBC242D0024008A362E /* justmercy.jpg */,
				2A215DBD242D0024008A362E /* lilwoman_land.jpg */,
				2A215DBE242D0024008A362E /* 1917.jpg */,
				2A215DBF242D0024008A362E /* joker.jpg */,
				2A215DC0242D0024008A362E /* uncutgems.jpg */,
				2A215DC1242D0024008A362E /* outih.jpg */,
				2A215DC2242D0024008A362E /* theinformer.jpg */,
				2A215DC3242D0024008A362E /* choyeo.jpg */,
				2A215DC4242D0024008A362E /* cats_land.jpg */,
				2A215DC5242D0024008A362E /* thesongofnames.jpg */,
				2A215DC6242D0024008A362E /* thegrudge_land.jpg */,
				2A215DC7242D0024008A362E /* ipman4.jpg */,
				2A215DC8242D0024008A362E /* garrison7.jpg */,
				2A215DC9242D0024008A362E /* 1917_land.jpg */,
				2A215DCA242D0024008A362E /* bradpitt.jpg */,
				2A215DCB242D0024008A362E /* code_8.jpg */,
				2A215DCC242D0024008A362E /* rosebyrne.jpg */,
				2A215DCD242D0024008A362E /* underwater.jpg */,
				2A215DCE242D0024008A362E /* underwater_land.jpg */,
				2A215DCF242D0024008A362E /* justmercy_land.jpg */,
				2A215DD0242D0024008A362E /* scarlJohan.jpg */,
				2A215DD1242D0024008A362E /* marriagestory_land.jpg */,
				2A215DD2242D0024008A362E /* spiesindisguise.jpg */,
				2A215DD3242D0024008A362E /* code_8_land.jpg */,
				2A215DD4242D0024008A362E /* knivesout.jpg */,
				2A215DD5242D0024008A362E /* starwars.jpg */,
				2A215DD6242D0024008A362E /* joker_land.jpg */,
				2A215DD7242D0024008A362E /* henrycavil.jpg */,
				2A215DD8242D0024008A362E /* rebeccaferguson.jpg */,
				2A215DD9242D0024008A362E /* rambo.jpg */,
				2A215DDA242D0024008A362E /* adastra.jpg */,
				2A215DDB242D0024008A362E /* jumanji_land.jpg */,
			);
			path = Images;
			sourceTree = "<group>";
		};
		2A215E16242D0047008A362E /* Data */ = {
			isa = PBXGroup;
			children = (
				2A215E17242D0047008A362E /* data.json */,
			);
			path = Data;
			sourceTree = "<group>";
		};
		2A215E19242D0050008A362E /* Extensions */ = {
			isa = PBXGroup;
			children = (
				2A215E1A242D0050008A362E /* ColorExt.swift */,
				2A198A2C2434DF2400A3D984 /* DateExt.swift */,
				2A661D39243624BA0033BAE8 /* AnyTransitionExt.swift */,
				2A661D3B24362AA50033BAE8 /* NotificationCenterExt.swift */,
			);
			path = Extensions;
			sourceTree = "<group>";
		};
		2A215E1F242D059F008A362E /* Models */ = {
			isa = PBXGroup;
			children = (
				2A215E20242D05C0008A362E /* MovieBundle.swift */,
				2A198A1D2434DB8B00A3D984 /* Seat.swift */,
				2A198A282434DD2800A3D984 /* TicketDate.swift */,
				2A661D1F243622A00033BAE8 /* Ticket.swift */,
				2A661D2F243623890033BAE8 /* PaymentMethod.swift */,
			);
			path = Models;
			sourceTree = "<group>";
		};
		2A215E22242D0609008A362E /* ViewModels */ = {
			isa = PBXGroup;
			children = (
				2A215E23242D062C008A362E /* MovieViewModel.swift */,
			);
			path = ViewModels;
			sourceTree = "<group>";
		};
		2A59E3D1242CF20700B9F9DA = {
			isa = PBXGroup;
			children = (
				2A59E3DC242CF20800B9F9DA /* MovieBooking */,
				2A59E3DB242CF20800B9F9DA /* Products */,
			);
			sourceTree = "<group>";
		};
		2A59E3DB242CF20800B9F9DA /* Products */ = {
			isa = PBXGroup;
			children = (
				2A59E3DA242CF20800B9F9DA /* MovieBooking.app */,
			);
			name = Products;
			sourceTree = "<group>";
		};
		2A59E3DC242CF20800B9F9DA /* MovieBooking */ = {
			isa = PBXGroup;
			children = (
				2A198A1F2434DBB700A3D984 /* Shapes */,
				2A1112952430BCB8002CABAB /* Views */,
				2A1112922430BBDB002CABAB /* Screens */,
				2A1198E0242E554600115095 /* UIKit */,
				2A215E22242D0609008A362E /* ViewModels */,
				2A215E1F242D059F008A362E /* Models */,
				2A215DA1242D0024008A362E /* Images */,
				2A215E16242D0047008A362E /* Data */,
				2A215E19242D0050008A362E /* Extensions */,
				2A59E3DD242CF20800B9F9DA /* AppDelegate.swift */,
				2A59E3DF242CF20800B9F9DA /* SceneDelegate.swift */,
				2A1198ED242E593F00115095 /* MovieStoreApp.swift */,
				2A59E3E3242CF20A00B9F9DA /* Assets.xcassets */,
				2A59E3E8242CF20A00B9F9DA /* LaunchScreen.storyboard */,
				2A59E3EB242CF20A00B9F9DA /* Info.plist */,
				2A59E3E5242CF20A00B9F9DA /* Preview Content */,
			);
			path = MovieBooking;
			sourceTree = "<group>";
		};
		2A59E3E5242CF20A00B9F9DA /* Preview Content */ = {
			isa = PBXGroup;
			children = (
				2A59E3E6242CF20A00B9F9DA /* Preview Assets.xcassets */,
			);
			path = "Preview Content";
			sourceTree = "<group>";
		};
/* End PBXGroup section */

/* Begin PBXNativeTarget section */
		2A59E3D9242CF20800B9F9DA /* MovieBooking */ = {
			isa = PBXNativeTarget;
			buildConfigurationList = 2A59E3EE242CF20A00B9F9DA /* Build configuration list for PBXNativeTarget "MovieBooking" */;
			buildPhases = (
				2A59E3D6242CF20800B9F9DA /* Sources */,
				2A59E3D7242CF20800B9F9DA /* Frameworks */,
				2A59E3D8242CF20800B9F9DA /* Resources */,
			);
			buildRules = (
			);
			dependencies = (
			);
			name = MovieBooking;
			productName = MovieBooking;
			productReference = 2A59E3DA242CF20800B9F9DA /* MovieBooking.app */;
			productType = "com.apple.product-type.application";
		};
/* End PBXNativeTarget section */

/* Begin PBXProject section */
		2A59E3D2242CF20700B9F9DA /* Project object */ = {
			isa = PBXProject;
			attributes = {
				LastSwiftUpdateCheck = 1140;
				LastUpgradeCheck = 1140;
				ORGANIZATIONNAME = Antonilhin;
				TargetAttributes = {
					2A59E3D9242CF20800B9F9DA = {
						CreatedOnToolsVersion = 11.4;
					};
				};
			};
			buildConfigurationList = 2A59E3D5242CF20700B9F9DA /* Build configuration list for PBXProject "MovieBooking" */;
			compatibilityVersion = "Xcode 9.3";
			developmentRegion = en;
			hasScannedForEncodings = 0;
			knownRegions = (
				en,
				Base,
			);
			mainGroup = 2A59E3D1242CF20700B9F9DA;
			productRefGroup = 2A59E3DB242CF20800B9F9DA /* Products */;
			projectDirPath = "";
			projectRoot = "";
			targets = (
				2A59E3D9242CF20800B9F9DA /* MovieBooking */,
			);
		};
/* End PBXProject section */

/* Begin PBXResourcesBuildPhase section */
		2A59E3D8242CF20800B9F9DA /* Resources */ = {
			isa = PBXResourcesBuildPhase;
			buildActionMask = 2147483647;
			files = (
				2A215DE4242D0024008A362E /* rambo_land.jpg in Resources */,
				2A215E08242D0024008A362E /* underwater_land.jpg in Resources */,
				2A215DFC242D0024008A362E /* theinformer.jpg in Resources */,
				2A215DE2242D0024008A362E /* theinformer_land.jpg in Resources */,
				2A215DEC242D0024008A362E /* lilwoman.jpg in Resources */,
				2A215DDD242D0024008A362E /* ipman4_land.jpg in Resources */,
				2A215DDF242D0024008A362E /* outih_land.jpg in Resources */,
				2A215DDC242D0024008A362E /* bombshell.jpg in Resources */,
				2A215E0B242D0024008A362E /* marriagestory_land.jpg in Resources */,
				2A59E3EA242CF20A00B9F9DA /* LaunchScreen.storyboard in Resources */,
				2A215DE5242D0024008A362E /* marriagestory.jpg in Resources */,
				2A215DF1242D0024008A362E /* dwaynejohnson.jpg in Resources */,
				2A215DF8242D0024008A362E /* 1917.jpg in Resources */,
				2A215DE8242D0024008A362E /* knivesout_land.jpg in Resources */,
				2A215E0C242D0024008A362E /* spiesindisguise.jpg in Resources */,
				2A215E02242D0024008A362E /* garrison7.jpg in Resources */,
				2A215E03242D0024008A362E /* 1917_land.jpg in Resources */,
				2A215DE0242D0024008A362E /* kaleycuoco.jpg in Resources */,
				2A215E12242D0024008A362E /* rebeccaferguson.jpg in Resources */,
				2A215DF0242D0024008A362E /* cats.jpg in Resources */,
				2A215E13242D0024008A362E /* rambo.jpg in Resources */,
				2A215DED242D0024008A362E /* adastra_land.jpg in Resources */,
				2A215DE6242D0024008A362E /* frozen2.jpg in Resources */,
				2A215DF2242D0024008A362E /* keanureeves.jpg in Resources */,
				2A215DEB242D0024008A362E /* uncutgems_land.jpg in Resources */,
				2A59E3E7242CF20A00B9F9DA /* Preview Assets.xcassets in Resources */,
				2A215E06242D0024008A362E /* rosebyrne.jpg in Resources */,
				2A215DE9242D0024008A362E /* jumanji.jpg in Resources */,
				2A215E09242D0024008A362E /* justmercy_land.jpg in Resources */,
				2A215DFA242D0024008A362E /* uncutgems.jpg in Resources */,
				2A215E14242D0024008A362E /* adastra.jpg in Resources */,
				2A215DE3242D0024008A362E /* it2_land.jpg in Resources */,
				2A215E00242D0024008A362E /* thegrudge_land.jpg in Resources */,
				2A215DEA242D0024008A362E /* bombshell_land.jpg in Resources */,
				2A215DF5242D0024008A362E /* it2.jpg in Resources */,
				2A215DF3242D0024008A362E /* thegrudge.jpg in Resources */,
				2A215DE1242D0024008A362E /* garrison7_land.jpg in Resources */,
				2A215DF9242D0024008A362E /* joker.jpg in Resources */,
				2A215E05242D0024008A362E /* code_8.jpg in Resources */,
				2A215DF4242D0024008A362E /* angelinajolie.jpg in Resources */,
				2A215E01242D0024008A362E /* ipman4.jpg in Resources */,
				2A215E10242D0024008A362E /* joker_land.jpg in Resources */,
				2A215E15242D0024008A362E /* jumanji_land.jpg in Resources */,
				2A215E0E242D0024008A362E /* knivesout.jpg in Resources */,
				2A215DFD242D0024008A362E /* choyeo.jpg in Resources */,
				2A215DF6242D0024008A362E /* justmercy.jpg in Resources */,
				2A59E3E4242CF20A00B9F9DA /* Assets.xcassets in Resources */,
				2A215E0F242D0024008A362E /* starwars.jpg in Resources */,
				2A215DFE242D0024008A362E /* cats_land.jpg in Resources */,
				2A215DEF242D0024008A362E /* spiesindisguise_land.jpg in Resources */,
				2A215DEE242D0024008A362E /* frozen2_land.jpg in Resources */,
				2A215DE7242D0024008A362E /* thesongofnames_land.jpg in Resources */,
				2A215E07242D0024008A362E /* underwater.jpg in Resources */,
				2A215DF7242D0024008A362E /* lilwoman_land.jpg in Resources */,
				2A215E0D242D0024008A362E /* code_8_land.jpg in Resources */,
				2A215DFF242D0024008A362E /* thesongofnames.jpg in Resources */,
				2A215E04242D0024008A362E /* bradpitt.jpg in Resources */,
				2A215E11242D0024008A362E /* henrycavil.jpg in Resources */,
				2A215DDE242D0024008A362E /* starwars_land.jpg in Resources */,
				2A215E0A242D0024008A362E /* scarlJohan.jpg in Resources */,
				2A215DFB242D0024008A362E /* outih.jpg in Resources */,
				2A215E18242D0047008A362E /* data.json in Resources */,
			);
			runOnlyForDeploymentPostprocessing = 0;
		};
/* End PBXResourcesBuildPhase section */

/* Begin PBXSourcesBuildPhase section */
		2A59E3D6242CF20800B9F9DA /* Sources */ = {
			isa = PBXSourcesBuildPhase;
			buildActionMask = 2147483647;
			files = (
				2A1198E4242E566A00115095 /* TrendingCell.swift in Sources */,
				2A11129F2430BF33002CABAB /* MovieListRow.swift in Sources */,
				2A198A1E2434DB8B00A3D984 /* Seat.swift in Sources */,
				2A1112A32430C02D002CABAB /* ActorListView.swift in Sources */,
				2A661D1E243622880033BAE8 /* BasketView.swift in Sources */,
				2A1198E2242E556600115095 /* MovieCollectionView.swift in Sources */,
				2A661D22243622C80033BAE8 /* TicketView.swift in Sources */,
				2A1198EA242E571400115095 /* UpcomingCell.swift in Sources */,
				2A11129D2430BF1A002CABAB /* MovieListView.swift in Sources */,
				2A1112A12430BFCB002CABAB /* LCButton.swift in Sources */,
				2A661D2A2436230F0033BAE8 /* DashedSeparator.swift in Sources */,
				2A1198EE242E593F00115095 /* MovieStoreApp.swift in Sources */,
				2A215E21242D05C0008A362E /* MovieBundle.swift in Sources */,
				2A1198E8242E56DD00115095 /* ActorCell.swift in Sources */,
				2A661D28243623000033BAE8 /* BottomTicketView.swift in Sources */,
				2A661D34243624570033BAE8 /* OkView.swift in Sources */,
				2A661D20243622A00033BAE8 /* Ticket.swift in Sources */,
				2A1112972430BCCD002CABAB /* MovieDetailView.swift in Sources */,
				2A11129B2430BE98002CABAB /* ActorDetailView.swift in Sources */,
				2A59E3DE242CF20800B9F9DA /* AppDelegate.swift in Sources */,
				2A198A272434DD0F00A3D984 /* SeatChoiceView.swift in Sources */,
				2A661D3A243624BA0033BAE8 /* AnyTransitionExt.swift in Sources */,
				2A1112992430BD24002CABAB /* LineRatingView.swift in Sources */,
				2A198A1C2434DB2300A3D984 /* TheatreView.swift in Sources */,
				2A198A2D2434DF2400A3D984 /* DateExt.swift in Sources */,
				2A661D2C243623170033BAE8 /* TicketShape.swift in Sources */,
				2A198A252434DCBD00A3D984 /* ChairLegend.swift in Sources */,
				2A198A232434DC1A00A3D984 /* ChairView.swift in Sources */,
				2A215E1B242D0050008A362E /* ColorExt.swift in Sources */,
				2A1198EC242E574E00115095 /* HeaderView.swift in Sources */,
				2A661D3C24362AA50033BAE8 /* NotificationCenterExt.swift in Sources */,
				2A59E3E0242CF20800B9F9DA /* SceneDelegate.swift in Sources */,
				2A198A2F2434DFCE00A3D984 /* DateView.swift in Sources */,
				2A661D24243622E80033BAE8 /* TopTicketView.swift in Sources */,
				2A661D2E243623700033BAE8 /* PaymentView.swift in Sources */,
				2A661D32243623DD0033BAE8 /* LCTextfield.swift in Sources */,
				2A1112942430BBF4002CABAB /* SingleMovieView.swift in Sources */,
				2A198A312434E01E00A3D984 /* DateShape.swift in Sources */,
				2A198A332434E10600A3D984 /* TimeView.swift in Sources */,
				2A661D26243622F50033BAE8 /* TicketDetailView.swift in Sources */,
				2A1198E6242E56B300115095 /* PopularCell.swift in Sources */,
				2A198A212434DBCF00A3D984 /* ScreenShape.swift in Sources */,
				2A661D30243623890033BAE8 /* PaymentMethod.swift in Sources */,
				2A198A292434DD2800A3D984 /* TicketDate.swift in Sources */,
				2A661D38243624800033BAE8 /* OkShape.swift in Sources */,
				2A1112A52430C050002CABAB /* ActorListRow.swift in Sources */,
				2A215E24242D062C008A362E /* MovieViewModel.swift in Sources */,
				2A198A2B2434DDA900A3D984 /* DateTimeView.swift in Sources */,
				2A661D36243624620033BAE8 /* LoadingView.swift in Sources */,
			);
			runOnlyForDeploymentPostprocessing = 0;
		};
/* End PBXSourcesBuildPhase section */

/* Begin PBXVariantGroup section */
		2A59E3E8242CF20A00B9F9DA /* LaunchScreen.storyboard */ = {
			isa = PBXVariantGroup;
			children = (
				2A59E3E9242CF20A00B9F9DA /* Base */,
			);
			name = LaunchScreen.storyboard;
			sourceTree = "<group>";
		};
/* End PBXVariantGroup section */

/* Begin XCBuildConfiguration section */
		2A59E3EC242CF20A00B9F9DA /* Debug */ = {
			isa = XCBuildConfiguration;
			buildSettings = {
				ALWAYS_SEARCH_USER_PATHS = NO;
				CLANG_ANALYZER_NONNULL = YES;
				CLANG_ANALYZER_NUMBER_OBJECT_CONVERSION = YES_AGGRESSIVE;
				CLANG_CXX_LANGUAGE_STANDARD = "gnu++14";
				CLANG_CXX_LIBRARY = "libc++";
				CLANG_ENABLE_MODULES = YES;
				CLANG_ENABLE_OBJC_ARC = YES;
				CLANG_ENABLE_OBJC_WEAK = YES;
				CLANG_WARN_BLOCK_CAPTURE_AUTORELEASING = YES;
				CLANG_WARN_BOOL_CONVERSION = YES;
				CLANG_WARN_COMMA = YES;
				CLANG_WARN_CONSTANT_CONVERSION = YES;
				CLANG_WARN_DEPRECATED_OBJC_IMPLEMENTATIONS = YES;
				CLANG_WARN_DIRECT_OBJC_ISA_USAGE = YES_ERROR;
				CLANG_WARN_DOCUMENTATION_COMMENTS = YES;
				CLANG_WARN_EMPTY_BODY = YES;
				CLANG_WARN_ENUM_CONVERSION = YES;
				CLANG_WARN_INFINITE_RECURSION = YES;
				CLANG_WARN_INT_CONVERSION = YES;
				CLANG_WARN_NON_LITERAL_NULL_CONVERSION = YES;
				CLANG_WARN_OBJC_IMPLICIT_RETAIN_SELF = YES;
				CLANG_WARN_OBJC_LITERAL_CONVERSION = YES;
				CLANG_WARN_OBJC_ROOT_CLASS = YES_ERROR;
				CLANG_WARN_RANGE_LOOP_ANALYSIS = YES;
				CLANG_WARN_STRICT_PROTOTYPES = YES;
				CLANG_WARN_SUSPICIOUS_MOVE = YES;
				CLANG_WARN_UNGUARDED_AVAILABILITY = YES_AGGRESSIVE;
				CLANG_WARN_UNREACHABLE_CODE = YES;
				CLANG_WARN__DUPLICATE_METHOD_MATCH = YES;
				COPY_PHASE_STRIP = NO;
				DEBUG_INFORMATION_FORMAT = dwarf;
				ENABLE_STRICT_OBJC_MSGSEND = YES;
				ENABLE_TESTABILITY = YES;
				GCC_C_LANGUAGE_STANDARD = gnu11;
				GCC_DYNAMIC_NO_PIC = NO;
				GCC_NO_COMMON_BLOCKS = YES;
				GCC_OPTIMIZATION_LEVEL = 0;
				GCC_PREPROCESSOR_DEFINITIONS = (
					"DEBUG=1",
					"$(inherited)",
				);
				GCC_WARN_64_TO_32_BIT_CONVERSION = YES;
				GCC_WARN_ABOUT_RETURN_TYPE = YES_ERROR;
				GCC_WARN_UNDECLARED_SELECTOR = YES;
				GCC_WARN_UNINITIALIZED_AUTOS = YES_AGGRESSIVE;
				GCC_WARN_UNUSED_FUNCTION = YES;
				GCC_WARN_UNUSED_VARIABLE = YES;
				IPHONEOS_DEPLOYMENT_TARGET = 13.4;
				MTL_ENABLE_DEBUG_INFO = INCLUDE_SOURCE;
				MTL_FAST_MATH = YES;
				ONLY_ACTIVE_ARCH = YES;
				SDKROOT = iphoneos;
				SWIFT_ACTIVE_COMPILATION_CONDITIONS = DEBUG;
				SWIFT_OPTIMIZATION_LEVEL = "-Onone";
			};
			name = Debug;
		};
		2A59E3ED242CF20A00B9F9DA /* Release */ = {
			isa = XCBuildConfiguration;
			buildSettings = {
				ALWAYS_SEARCH_USER_PATHS = NO;
				CLANG_ANALYZER_NONNULL = YES;
				CLANG_ANALYZER_NUMBER_OBJECT_CONVERSION = YES_AGGRESSIVE;
				CLANG_CXX_LANGUAGE_STANDARD = "gnu++14";
				CLANG_CXX_LIBRARY = "libc++";
				CLANG_ENABLE_MODULES = YES;
				CLANG_ENABLE_OBJC_ARC = YES;
				CLANG_ENABLE_OBJC_WEAK = YES;
				CLANG_WARN_BLOCK_CAPTURE_AUTORELEASING = YES;
				CLANG_WARN_BOOL_CONVERSION = YES;
				CLANG_WARN_COMMA = YES;
				CLANG_WARN_CONSTANT_CONVERSION = YES;
				CLANG_WARN_DEPRECATED_OBJC_IMPLEMENTATIONS = YES;
				CLANG_WARN_DIRECT_OBJC_ISA_USAGE = YES_ERROR;
				CLANG_WARN_DOCUMENTATION_COMMENTS = YES;
				CLANG_WARN_EMPTY_BODY = YES;
				CLANG_WARN_ENUM_CONVERSION = YES;
				CLANG_WARN_INFINITE_RECURSION = YES;
				CLANG_WARN_INT_CONVERSION = YES;
				CLANG_WARN_NON_LITERAL_NULL_CONVERSION = YES;
				CLANG_WARN_OBJC_IMPLICIT_RETAIN_SELF = YES;
				CLANG_WARN_OBJC_LITERAL_CONVERSION = YES;
				CLANG_WARN_OBJC_ROOT_CLASS = YES_ERROR;
				CLANG_WARN_RANGE_LOOP_ANALYSIS = YES;
				CLANG_WARN_STRICT_PROTOTYPES = YES;
				CLANG_WARN_SUSPICIOUS_MOVE = YES;
				CLANG_WARN_UNGUARDED_AVAILABILITY = YES_AGGRESSIVE;
				CLANG_WARN_UNREACHABLE_CODE = YES;
				CLANG_WARN__DUPLICATE_METHOD_MATCH = YES;
				COPY_PHASE_STRIP = NO;
				DEBUG_INFORMATION_FORMAT = "dwarf-with-dsym";
				ENABLE_NS_ASSERTIONS = NO;
				ENABLE_STRICT_OBJC_MSGSEND = YES;
				GCC_C_LANGUAGE_STANDARD = gnu11;
				GCC_NO_COMMON_BLOCKS = YES;
				GCC_WARN_64_TO_32_BIT_CONVERSION = YES;
				GCC_WARN_ABOUT_RETURN_TYPE = YES_ERROR;
				GCC_WARN_UNDECLARED_SELECTOR = YES;
				GCC_WARN_UNINITIALIZED_AUTOS = YES_AGGRESSIVE;
				GCC_WARN_UNUSED_FUNCTION = YES;
				GCC_WARN_UNUSED_VARIABLE = YES;
				IPHONEOS_DEPLOYMENT_TARGET = 13.4;
				MTL_ENABLE_DEBUG_INFO = NO;
				MTL_FAST_MATH = YES;
				SDKROOT = iphoneos;
				SWIFT_COMPILATION_MODE = wholemodule;
				SWIFT_OPTIMIZATION_LEVEL = "-O";
				VALIDATE_PRODUCT = YES;
			};
			name = Release;
		};
		2A59E3EF242CF20A00B9F9DA /* Debug */ = {
			isa = XCBuildConfiguration;
			buildSettings = {
				ASSETCATALOG_COMPILER_APPICON_NAME = AppIcon;
				CODE_SIGN_STYLE = Automatic;
				DEVELOPMENT_ASSET_PATHS = "\"MovieBooking/Preview Content\"";
				DEVELOPMENT_TEAM = 2G786TSNKY;
				ENABLE_PREVIEWS = YES;
				INFOPLIST_FILE = MovieBooking/Info.plist;
				LD_RUNPATH_SEARCH_PATHS = (
					"$(inherited)",
					"@executable_path/Frameworks",
				);
				PRODUCT_BUNDLE_IDENTIFIER = id.antonilhin.MovieBooking;
				PRODUCT_NAME = "$(TARGET_NAME)";
				SWIFT_VERSION = 5.0;
				TARGETED_DEVICE_FAMILY = "1,2";
			};
			name = Debug;
		};
		2A59E3F0242CF20A00B9F9DA /* Release */ = {
			isa = XCBuildConfiguration;
			buildSettings = {
				ASSETCATALOG_COMPILER_APPICON_NAME = AppIcon;
				CODE_SIGN_STYLE = Automatic;
				DEVELOPMENT_ASSET_PATHS = "\"MovieBooking/Preview Content\"";
				DEVELOPMENT_TEAM = 2G786TSNKY;
				ENABLE_PREVIEWS = YES;
				INFOPLIST_FILE = MovieBooking/Info.plist;
				LD_RUNPATH_SEARCH_PATHS = (
					"$(inherited)",
					"@executable_path/Frameworks",
				);
				PRODUCT_BUNDLE_IDENTIFIER = id.antonilhin.MovieBooking;
				PRODUCT_NAME = "$(TARGET_NAME)";
				SWIFT_VERSION = 5.0;
				TARGETED_DEVICE_FAMILY = "1,2";
			};
			name = Release;
		};
/* End XCBuildConfiguration section */

/* Begin XCConfigurationList section */
		2A59E3D5242CF20700B9F9DA /* Build configuration list for PBXProject "MovieBooking" */ = {
			isa = XCConfigurationList;
			buildConfigurations = (
				2A59E3EC242CF20A00B9F9DA /* Debug */,
				2A59E3ED242CF20A00B9F9DA /* Release */,
			);
			defaultConfigurationIsVisible = 0;
			defaultConfigurationName = Release;
		};
		2A59E3EE242CF20A00B9F9DA /* Build configuration list for PBXNativeTarget "MovieBooking" */ = {
			isa = XCConfigurationList;
			buildConfigurations = (
				2A59E3EF242CF20A00B9F9DA /* Debug */,
				2A59E3F0242CF20A00B9F9DA /* Release */,
			);
			defaultConfigurationIsVisible = 0;
			defaultConfigurationName = Release;
		};
/* End XCConfigurationList section */
	};
	rootObject = 2A59E3D2242CF20700B9F9DA /* Project object */;
}
